
Microsoft Visual Studio Solution File, Format Version 12.00
# Visual Studio Version 16
VisualStudioVersion = 16.0.30128.74
MinimumVisualStudioVersion = 10.0.40219.1
Project("{FAE04EC0-301F-11D3-BF4B-00C04F79EFBC}") = "DZCsh", "DZCsh\DZCsh.csproj", "{A6CFDD30-D323-4B25-B28A-2764EAA2003C}"
EndProject
Global
	GlobalSection(SolutionConfigurationPlatforms) = preSolution
		Debug|Any CPU = Debug|Any CPU
		Release|Any CPU = Release|Any CPU
	EndGlobalSection
	GlobalSection(ProjectConfigurationPlatforms) = postSolution
		{A6CFDD30-D323-4B25-B28A-2764EAA2003C}.Debug|Any CPU.ActiveCfg = Debug|Any CPU
		{A6CFDD30-D323-4B25-B28A-2764EAA2003C}.Debug|Any CPU.Build.0 = Debug|Any CPU
		{A6CFDD30-D323-4B25-B28A-2764EAA2003C}.Release|Any CPU.ActiveCfg = Release|Any CPU
		{A6CFDD30-D323-4B25-B28A-2764EAA2003C}.Release|Any CPU.Build.0 = Release|Any CPU
	EndGlobalSection
	GlobalSection(SolutionProperties) = preSolution
		HideSolutionNode = FALSE
	EndGlobalSection
	GlobalSection(ExtensibilityGlobals) = postSolution
		SolutionGuid = {C8B2FC48-ABA9-4EA9-B74C-897FBE815164}
	EndGlobalSection
EndGlobal
